// !$*UTF8*$!
{
	archiveVersion = 1;
	classes = {
	};
	objectVersion = 46;
	objects = {

/* Begin PBXBuildFile section */
		B8FC28371C1E9DDD00E5678B /* AppDelegate.swift in Sources */ = {isa = PBXBuildFile; fileRef = B8FC28361C1E9DDD00E5678B /* AppDelegate.swift */; };
		B8FC28391C1E9DDD00E5678B /* ViewController.swift in Sources */ = {isa = PBXBuildFile; fileRef = B8FC28381C1E9DDD00E5678B /* ViewController.swift */; };
		B8FC283C1C1E9DDD00E5678B /* Main.storyboard in Resources */ = {isa = PBXBuildFile; fileRef = B8FC283A1C1E9DDD00E5678B /* Main.storyboard */; };
		B8FC283E1C1E9DDD00E5678B /* Assets.xcassets in Resources */ = {isa = PBXBuildFile; fileRef = B8FC283D1C1E9DDD00E5678B /* Assets.xcassets */; };
		B8FC28411C1E9DDD00E5678B /* LaunchScreen.storyboard in Resources */ = {isa = PBXBuildFile; fileRef = B8FC283F1C1E9DDD00E5678B /* LaunchScreen.storyboard */; };
/* End PBXBuildFile section */

/* Begin PBXFileReference section */
		B8FC28331C1E9DDD00E5678B /* EddyCab.app */ = {isa = PBXFileReference; explicitFileType = wrapper.application; includeInIndex = 0; path = EddyCab.app; sourceTree = BUILT_PRODUCTS_DIR; };
		B8FC28361C1E9DDD00E5678B /* AppDelegate.swift */ = {isa = PBXFileReference; lastKnownFileType = sourcecode.swift; path = AppDelegate.swift; sourceTree = "<group>"; };
		B8FC28381C1E9DDD00E5678B /* ViewController.swift */ = {isa = PBXFileReference; lastKnownFileType = sourcecode.swift; path = ViewController.swift; sourceTree = "<group>"; };
		B8FC283B1C1E9DDD00E5678B /* Base */ = {isa = PBXFileReference; lastKnownFileType = file.storyboard; name = Base; path = Base.lproj/Main.storyboard; sourceTree = "<group>"; };
		B8FC283D1C1E9DDD00E5678B /* Assets.xcassets */ = {isa = PBXFileReference; lastKnownFileType = folder.assetcatalog; path = Assets.xcassets; sourceTree = "<group>"; };
		B8FC28401C1E9DDD00E5678B /* Base */ = {isa = PBXFileReference; lastKnownFileType = file.storyboard; name = Base; path = Base.lproj/LaunchScreen.storyboard; sourceTree = "<group>"; };
		B8FC28421C1E9DDD00E5678B /* Info.plist */ = {isa = PBXFileReference; lastKnownFileType = text.plist.xml; path = Info.plist; sourceTree = "<group>"; };
/* End PBXFileReference section */

/* Begin PBXFrameworksBuildPhase section */
		B8FC28301C1E9DDD00E5678B /* Frameworks */ = {
			isa = PBXFrameworksBuildPhase;
			buildActionMask = 2147483647;
			files = (
			);
			runOnlyForDeploymentPostprocessing = 0;
		};
/* End PBXFrameworksBuildPhase section */

/* Begin PBXGroup section */
		B8FC282A1C1E9DDD00E5678B = {
			isa = PBXGroup;
			children = (
				B8FC28351C1E9DDD00E5678B /* EddyCab */,
				B8FC28341C1E9DDD00E5678B /* Products */,
			);
			sourceTree = "<group>";
		};
		B8FC28341C1E9DDD00E5678B /* Products */ = {
			isa = PBXGroup;
			children = (
				B8FC28331C1E9DDD00E5678B /* EddyCab.app */,
			);
			name = Products;
			sourceTree = "<group>";
		};
		B8FC28351C1E9DDD00E5678B /* EddyCab */ = {
			isa = PBXGroup;
			children = (
				B8FC28361C1E9DDD00E5678B /* AppDelegate.swift */,
				B8FC28381C1E9DDD00E5678B /* ViewController.swift */,
				B8FC283A1C1E9DDD00E5678B /* Main.storyboard */,
				B8FC283D1C1E9DDD00E5678B /* Assets.xcassets */,
				B8FC283F1C1E9DDD00E5678B /* LaunchScreen.storyboard */,
				B8FC28421C1E9DDD00E5678B /* Info.plist */,
			);
			path = EddyCab;
			sourceTree = "<group>";
		};
/* End PBXGroup section */

/* Begin PBXNativeTarget section */
		B8FC28321C1E9DDD00E5678B /* EddyCab */ = {
			isa = PBXNativeTarget;
			buildConfigurationList = B8FC28451C1E9DDD00E5678B /* Build configuration list for PBXNativeTarget "EddyCab" */;
			buildPhases = (
				B8FC282F1C1E9DDD00E5678B /* Sources */,
				B8FC28301C1E9DDD00E5678B /* Frameworks */,
				B8FC28311C1E9DDD00E5678B /* Resources */,
			);
			buildRules = (
			);
			dependencies = (
			);
			name = EddyCab;
			productName = EddyCab;
			productReference = B8FC28331C1E9DDD00E5678B /* EddyCab.app */;
			productType = "com.apple.product-type.application";
		};
/* End PBXNativeTarget section */

/* Begin PBXProject section */
		B8FC282B1C1E9DDD00E5678B /* Project object */ = {
			isa = PBXProject;
			attributes = {
				LastUpgradeCheck = 0700;
				ORGANIZATIONNAME = Esig;
				TargetAttributes = {
					B8FC28321C1E9DDD00E5678B = {
						CreatedOnToolsVersion = 7.0;
					};
				};
			};
			buildConfigurationList = B8FC282E1C1E9DDD00E5678B /* Build configuration list for PBXProject "EddyCab" */;
			compatibilityVersion = "Xcode 3.2";
			developmentRegion = English;
			hasScannedForEncodings = 0;
			knownRegions = (
				en,
				Base,
			);
			mainGroup = B8FC282A1C1E9DDD00E5678B;
			productRefGroup = B8FC28341C1E9DDD00E5678B /* Products */;
			projectDirPath = "";
			projectRoot = "";
			targets = (
				B8FC28321C1E9DDD00E5678B /* EddyCab */,
			);
		};
/* End PBXProject section */

/* Begin PBXResourcesBuildPhase section */
		B8FC28311C1E9DDD00E5678B /* Resources */ = {
			isa = PBXResourcesBuildPhase;
			buildActionMask = 2147483647;
			files = (
				B8FC28411C1E9DDD00E5678B /* LaunchScreen.storyboard in Resources */,
				B8FC283E1C1E9DDD00E5678B /* Assets.xcassets in Resources */,
				B8FC283C1C1E9DDD00E5678B /* Main.storyboard in Resources */,
			);
			runOnlyForDeploymentPostprocessing = 0;
		};
/* End PBXResourcesBuildPhase section */

/* Begin PBXSourcesBuildPhase section */
		B8FC282F1C1E9DDD00E5678B /* Sources */ = {
			isa = PBXSourcesBuildPhase;
			buildActionMask = 2147483647;
			files = (
				B8FC28391C1E9DDD00E5678B /* ViewController.swift in Sources */,
				B8FC28371C1E9DDD00E5678B /* AppDelegate.swift in Sources */,
			);
			runOnlyForDeploymentPostprocessing = 0;
		};
/* End PBXSourcesBuildPhase section */

/* Begin PBXVariantGroup section */
		B8FC283A1C1E9DDD00E5678B /* Main.storyboard */ = {
			isa = PBXVariantGroup;
			children = (
				B8FC283B1C1E9DDD00E5678B /* Base */,
			);
			name = Main.storyboard;
			sourceTree = "<group>";
		};
		B8FC283F1C1E9DDD00E5678B /* LaunchScreen.storyboard */ = {
			isa = PBXVariantGroup;
			children = (
				B8FC28401C1E9DDD00E5678B /* Base */,
			);
			name = LaunchScreen.storyboard;
			sourceTree = "<group>";
		};
/* End PBXVariantGroup section */

/* Begin XCBuildConfiguration section */
		B8FC28431C1E9DDD00E5678B /* Debug */ = {
			isa = XCBuildConfiguration;
			buildSettings = {
				ALWAYS_SEARCH_USER_PATHS = NO;
				CLANG_CXX_LANGUAGE_STANDARD = "gnu++0x";
				CLANG_CXX_LIBRARY = "libc++";
				CLANG_ENABLE_MODULES = YES;
				CLANG_ENABLE_OBJC_ARC = YES;
				CLANG_WARN_BOOL_CONVERSION = YES;
				CLANG_WARN_CONSTANT_CONVERSION = YES;
				CLANG_WARN_DIRECT_OBJC_ISA_USAGE = YES_ERROR;
				CLANG_WARN_EMPTY_BODY = YES;
				CLANG_WARN_ENUM_CONVERSION = YES;
				CLANG_WARN_INT_CONVERSION = YES;
				CLANG_WARN_OBJC_ROOT_CLASS = YES_ERROR;
				CLANG_WARN_UNREACHABLE_CODE = YES;
				CLANG_WARN__DUPLICATE_METHOD_MATCH = YES;
				"CODE_SIGN_IDENTITY[sdk=iphoneos*]" = "iPhone Developer";
				COPY_PHASE_STRIP = NO;
				DEBUG_INFORMATION_FORMAT = dwarf;
				ENABLE_STRICT_OBJC_MSGSEND = YES;
				ENABLE_TESTABILITY = YES;
				GCC_C_LANGUAGE_STANDARD = gnu99;
				GCC_DYNAMIC_NO_PIC = NO;
				GCC_NO_COMMON_BLOCKS = YES;
				GCC_OPTIMIZATION_LEVEL = 0;
				GCC_PREPROCESSOR_DEFINITIONS = (
					"DEBUG=1",
					"$(inherited)",
				);
				GCC_WARN_64_TO_32_BIT_CONVERSION = YES;
				GCC_WARN_ABOUT_RETURN_TYPE = YES_ERROR;
				GCC_WARN_UNDECLARED_SELECTOR = YES;
				GCC_WARN_UNINITIALIZED_AUTOS = YES_AGGRESSIVE;
				GCC_WARN_UNUSED_FUNCTION = YES;
				GCC_WARN_UNUSED_VARIABLE = YES;
				IPHONEOS_DEPLOYMENT_TARGET = 9.0;
				MTL_ENABLE_DEBUG_INFO = YES;
				ONLY_ACTIVE_ARCH = YES;
				SDKROOT = iphoneos;
				SWIFT_OPTIMIZATION_LEVEL = "-Onone";
			};
			name = Debug;
		};
		B8FC28441C1E9DDD00E5678B /* Release */ = {
			isa = XCBuildConfiguration;
			buildSettings = {
				ALWAYS_SEARCH_USER_PATHS = NO;
				CLANG_CXX_LANGUAGE_STANDARD = "gnu++0x";
				CLANG_CXX_LIBRARY = "libc++";
				CLANG_ENABLE_MODULES = YES;
				CLANG_ENABLE_OBJC_ARC = YES;
				CLANG_WARN_BOOL_CONVERSION = YES;
				CLANG_WARN_CONSTANT_CONVERSION = YES;
				CLANG_WARN_DIRECT_OBJC_ISA_USAGE = YES_ERROR;
				CLANG_WARN_EMPTY_BODY = YES;
				CLANG_WARN_ENUM_CONVERSION = YES;
				CLANG_WARN_INT_CONVERSION = YES;
				CLANG_WARN_OBJC_ROOT_CLASS = YES_ERROR;
				CLANG_WARN_UNREACHABLE_CODE = YES;
				CLANG_WARN__DUPLICATE_METHOD_MATCH = YES;
				"CODE_SIGN_IDENTITY[sdk=iphoneos*]" = "iPhone Developer";
				COPY_PHASE_STRIP = NO;
				DEBUG_INFORMATION_FORMAT = "dwarf-with-dsym";
				ENABLE_NS_ASSERTIONS = NO;
				ENABLE_STRICT_OBJC_MSGSEND = YES;
				GCC_C_LANGUAGE_STANDARD = gnu99;
				GCC_NO_COMMON_BLOCKS = YES;
				GCC_WARN_64_TO_32_BIT_CONVERSION = YES;
				GCC_WARN_ABOUT_RETURN_TYPE = YES_ERROR;
				GCC_WARN_UNDECLARED_SELECTOR = YES;
				GCC_WARN_UNINITIALIZED_AUTOS = YES_AGGRESSIVE;
				GCC_WARN_UNUSED_FUNCTION = YES;
				GCC_WARN_UNUSED_VARIABLE = YES;
				IPHONEOS_DEPLOYMENT_TARGET = 9.0;
				MTL_ENABLE_DEBUG_INFO = NO;
				SDKROOT = iphoneos;
				VALIDATE_PRODUCT = YES;
			};
			name = Release;
		};
		B8FC28461C1E9DDD00E5678B /* Debug */ = {
			isa = XCBuildConfiguration;
			buildSettings = {
				ASSETCATALOG_COMPILER_APPICON_NAME = AppIcon;
				INFOPLIST_FILE = EddyCab/Info.plist;
				LD_RUNPATH_SEARCH_PATHS = "$(inherited) @executable_path/Frameworks";
				PRODUCT_BUNDLE_IDENTIFIER = com.esignature.EddyCab;
				PRODUCT_NAME = "$(TARGET_NAME)";
			};
			name = Debug;
		};
		B8FC28471C1E9DDD00E5678B /* Release */ = {
			isa = XCBuildConfiguration;
			buildSettings = {
				ASSETCATALOG_COMPILER_APPICON_NAME = AppIcon;
				INFOPLIST_FILE = EddyCab/Info.plist;
				LD_RUNPATH_SEARCH_PATHS = "$(inherited) @executable_path/Frameworks";
				PRODUCT_BUNDLE_IDENTIFIER = com.esignature.EddyCab;
				PRODUCT_NAME = "$(TARGET_NAME)";
			};
			name = Release;
		};
/* End XCBuildConfiguration section */

/* Begin XCConfigurationList section */
		B8FC282E1C1E9DDD00E5678B /* Build configuration list for PBXProject "EddyCab" */ = {
			isa = XCConfigurationList;
			buildConfigurations = (
				B8FC28431C1E9DDD00E5678B /* Debug */,
				B8FC28441C1E9DDD00E5678B /* Release */,
			);
			defaultConfigurationIsVisible = 0;
			defaultConfigurationName = Release;
		};
		B8FC28451C1E9DDD00E5678B /* Build configuration list for PBXNativeTarget "EddyCab" */ = {
			isa = XCConfigurationList;
			buildConfigurations = (
				B8FC28461C1E9DDD00E5678B /* Debug */,
				B8FC28471C1E9DDD00E5678B /* Release */,
			);
			defaultConfigurationIsVisible = 0;
		};
/* End XCConfigurationList section */
	};
	rootObject = B8FC282B1C1E9DDD00E5678B /* Project object */;
}
